{
  "name": "StevenLernPHP",
  "lockfileVersion": 2,
  "requires": true,
  "packages": {
    "": {
      "dependencies": {
        "quickstartcss": "^0.0.3"
      }
    },
    "node_modules/quickstartcss": {
      "version": "0.0.3",
      "resolved": "https://registry.npmjs.org/quickstartcss/-/quickstartcss-0.0.3.tgz",
      "integrity": "sha512-RpZuyRRBkgMhOLKohWLxr5pALa+oa2A58L3hij7P+H5S/g9rjJqWS+F870gwZFkkSXIk54QYO1JESUysFvcEXg=="
    }
  },
  "dependencies": {
    "quickstartcss": {
      "version": "0.0.3",
      "resolved": "https://registry.npmjs.org/quickstartcss/-/quickstartcss-0.0.3.tgz",
      "integrity": "sha512-RpZuyRRBkgMhOLKohWLxr5pALa+oa2A58L3hij7P+H5S/g9rjJqWS+F870gwZFkkSXIk54QYO1JESUysFvcEXg=="
    }
  }
}
